// !$*UTF8*$!
{
	archiveVersion = 1;
	classes = {
	};
	objectVersion = 50;
	objects = {

/* Begin PBXBuildFile section */
		A1807D592234895100B8F4FF /* AppDelegate.swift in Sources */ = {isa = PBXBuildFile; fileRef = A1807D582234895100B8F4FF /* AppDelegate.swift */; };
		A1807D5B2234895100B8F4FF /* MainViewController.swift in Sources */ = {isa = PBXBuildFile; fileRef = A1807D5A2234895100B8F4FF /* MainViewController.swift */; };
		A1807D5E2234895100B8F4FF /* Main.storyboard in Resources */ = {isa = PBXBuildFile; fileRef = A1807D5C2234895100B8F4FF /* Main.storyboard */; };
		A1807D602234895200B8F4FF /* Assets.xcassets in Resources */ = {isa = PBXBuildFile; fileRef = A1807D5F2234895200B8F4FF /* Assets.xcassets */; };
		A1807D632234895200B8F4FF /* LaunchScreen.storyboard in Resources */ = {isa = PBXBuildFile; fileRef = A1807D612234895200B8F4FF /* LaunchScreen.storyboard */; };
		A1807D7122348BB700B8F4FF /* MenuTableViewCell.swift in Sources */ = {isa = PBXBuildFile; fileRef = A1807D6F22348BB700B8F4FF /* MenuTableViewCell.swift */; };
		A1807D7222348BB700B8F4FF /* MenuTableViewCell.xib in Resources */ = {isa = PBXBuildFile; fileRef = A1807D7022348BB700B8F4FF /* MenuTableViewCell.xib */; };
/* End PBXBuildFile section */

/* Begin PBXFileReference section */
		A1807D552234895100B8F4FF /* SlidingView.app */ = {isa = PBXFileReference; explicitFileType = wrapper.application; includeInIndex = 0; path = SlidingView.app; sourceTree = BUILT_PRODUCTS_DIR; };
		A1807D582234895100B8F4FF /* AppDelegate.swift */ = {isa = PBXFileReference; lastKnownFileType = sourcecode.swift; path = AppDelegate.swift; sourceTree = "<group>"; };
		A1807D5A2234895100B8F4FF /* MainViewController.swift */ = {isa = PBXFileReference; lastKnownFileType = sourcecode.swift; path = MainViewController.swift; sourceTree = "<group>"; };
		A1807D5D2234895100B8F4FF /* Base */ = {isa = PBXFileReference; lastKnownFileType = file.storyboard; name = Base; path = Base.lproj/Main.storyboard; sourceTree = "<group>"; };
		A1807D5F2234895200B8F4FF /* Assets.xcassets */ = {isa = PBXFileReference; lastKnownFileType = folder.assetcatalog; path = Assets.xcassets; sourceTree = "<group>"; };
		A1807D622234895200B8F4FF /* Base */ = {isa = PBXFileReference; lastKnownFileType = file.storyboard; name = Base; path = Base.lproj/LaunchScreen.storyboard; sourceTree = "<group>"; };
		A1807D642234895200B8F4FF /* Info.plist */ = {isa = PBXFileReference; lastKnownFileType = text.plist.xml; path = Info.plist; sourceTree = "<group>"; };
		A1807D6F22348BB700B8F4FF /* MenuTableViewCell.swift */ = {isa = PBXFileReference; lastKnownFileType = sourcecode.swift; path = MenuTableViewCell.swift; sourceTree = "<group>"; };
		A1807D7022348BB700B8F4FF /* MenuTableViewCell.xib */ = {isa = PBXFileReference; lastKnownFileType = file.xib; path = MenuTableViewCell.xib; sourceTree = "<group>"; };
/* End PBXFileReference section */

/* Begin PBXFrameworksBuildPhase section */
		A1807D522234895100B8F4FF /* Frameworks */ = {
			isa = PBXFrameworksBuildPhase;
			buildActionMask = 2147483647;
			files = (
			);
			runOnlyForDeploymentPostprocessing = 0;
		};
/* End PBXFrameworksBuildPhase section */

/* Begin PBXGroup section */
		A1807D4C2234895100B8F4FF = {
			isa = PBXGroup;
			children = (
				A1807D572234895100B8F4FF /* SlidingView */,
				A1807D562234895100B8F4FF /* Products */,
			);
			sourceTree = "<group>";
		};
		A1807D562234895100B8F4FF /* Products */ = {
			isa = PBXGroup;
			children = (
				A1807D552234895100B8F4FF /* SlidingView.app */,
			);
			name = Products;
			sourceTree = "<group>";
		};
		A1807D572234895100B8F4FF /* SlidingView */ = {
			isa = PBXGroup;
			children = (
				A1807D6E22348B4200B8F4FF /* SlidingView */,
				A1807D582234895100B8F4FF /* AppDelegate.swift */,
				A1807D5A2234895100B8F4FF /* MainViewController.swift */,
				A1807D5C2234895100B8F4FF /* Main.storyboard */,
				A1807D5F2234895200B8F4FF /* Assets.xcassets */,
				A1807D612234895200B8F4FF /* LaunchScreen.storyboard */,
				A1807D642234895200B8F4FF /* Info.plist */,
			);
			path = SlidingView;
			sourceTree = "<group>";
		};
		A1807D6E22348B4200B8F4FF /* SlidingView */ = {
			isa = PBXGroup;
			children = (
				A1807D6F22348BB700B8F4FF /* MenuTableViewCell.swift */,
				A1807D7022348BB700B8F4FF /* MenuTableViewCell.xib */,
			);
			path = SlidingView;
			sourceTree = "<group>";
		};
/* End PBXGroup section */

/* Begin PBXNativeTarget section */
		A1807D542234895100B8F4FF /* SlidingView */ = {
			isa = PBXNativeTarget;
			buildConfigurationList = A1807D672234895200B8F4FF /* Build configuration list for PBXNativeTarget "SlidingView" */;
			buildPhases = (
				A1807D512234895100B8F4FF /* Sources */,
				A1807D522234895100B8F4FF /* Frameworks */,
				A1807D532234895100B8F4FF /* Resources */,
			);
			buildRules = (
			);
			dependencies = (
			);
			name = SlidingView;
			productName = SlidingView;
			productReference = A1807D552234895100B8F4FF /* SlidingView.app */;
			productType = "com.apple.product-type.application";
		};
/* End PBXNativeTarget section */

/* Begin PBXProject section */
		A1807D4D2234895100B8F4FF /* Project object */ = {
			isa = PBXProject;
			attributes = {
				LastSwiftUpdateCheck = 1010;
				LastUpgradeCheck = 1010;
				ORGANIZATIONNAME = "Kyungjung Kim";
				TargetAttributes = {
					A1807D542234895100B8F4FF = {
						CreatedOnToolsVersion = 10.1;
					};
				};
			};
			buildConfigurationList = A1807D502234895100B8F4FF /* Build configuration list for PBXProject "SlidingView" */;
			compatibilityVersion = "Xcode 9.3";
			developmentRegion = en;
			hasScannedForEncodings = 0;
			knownRegions = (
				en,
				Base,
			);
			mainGroup = A1807D4C2234895100B8F4FF;
			productRefGroup = A1807D562234895100B8F4FF /* Products */;
			projectDirPath = "";
			projectRoot = "";
			targets = (
				A1807D542234895100B8F4FF /* SlidingView */,
			);
		};
/* End PBXProject section */

/* Begin PBXResourcesBuildPhase section */
		A1807D532234895100B8F4FF /* Resources */ = {
			isa = PBXResourcesBuildPhase;
			buildActionMask = 2147483647;
			files = (
				A1807D632234895200B8F4FF /* LaunchScreen.storyboard in Resources */,
				A1807D602234895200B8F4FF /* Assets.xcassets in Resources */,
				A1807D7222348BB700B8F4FF /* MenuTableViewCell.xib in Resources */,
				A1807D5E2234895100B8F4FF /* Main.storyboard in Resources */,
			);
			runOnlyForDeploymentPostprocessing = 0;
		};
/* End PBXResourcesBuildPhase section */

/* Begin PBXSourcesBuildPhase section */
		A1807D512234895100B8F4FF /* Sources */ = {
			isa = PBXSourcesBuildPhase;
			buildActionMask = 2147483647;
			files = (
				A1807D5B2234895100B8F4FF /* MainViewController.swift in Sources */,
				A1807D592234895100B8F4FF /* AppDelegate.swift in Sources */,
				A1807D7122348BB700B8F4FF /* MenuTableViewCell.swift in Sources */,
			);
			runOnlyForDeploymentPostprocessing = 0;
		};
/* End PBXSourcesBuildPhase section */

/* Begin PBXVariantGroup section */
		A1807D5C2234895100B8F4FF /* Main.storyboard */ = {
			isa = PBXVariantGroup;
			children = (
				A1807D5D2234895100B8F4FF /* Base */,
			);
			name = Main.storyboard;
			sourceTree = "<group>";
		};
		A1807D612234895200B8F4FF /* LaunchScreen.storyboard */ = {
			isa = PBXVariantGroup;
			children = (
				A1807D622234895200B8F4FF /* Base */,
			);
			name = LaunchScreen.storyboard;
			sourceTree = "<group>";
		};
/* End PBXVariantGroup section */

/* Begin XCBuildConfiguration section */
		A1807D652234895200B8F4FF /* Debug */ = {
			isa = XCBuildConfiguration;
			buildSettings = {
				ALWAYS_SEARCH_USER_PATHS = NO;
				CLANG_ANALYZER_NONNULL = YES;
				CLANG_ANALYZER_NUMBER_OBJECT_CONVERSION = YES_AGGRESSIVE;
				CLANG_CXX_LANGUAGE_STANDARD = "gnu++14";
				CLANG_CXX_LIBRARY = "libc++";
				CLANG_ENABLE_MODULES = YES;
				CLANG_ENABLE_OBJC_ARC = YES;
				CLANG_ENABLE_OBJC_WEAK = YES;
				CLANG_WARN_BLOCK_CAPTURE_AUTORELEASING = YES;
				CLANG_WARN_BOOL_CONVERSION = YES;
				CLANG_WARN_COMMA = YES;
				CLANG_WARN_CONSTANT_CONVERSION = YES;
				CLANG_WARN_DEPRECATED_OBJC_IMPLEMENTATIONS = YES;
				CLANG_WARN_DIRECT_OBJC_ISA_USAGE = YES_ERROR;
				CLANG_WARN_DOCUMENTATION_COMMENTS = YES;
				CLANG_WARN_EMPTY_BODY = YES;
				CLANG_WARN_ENUM_CONVERSION = YES;
				CLANG_WARN_INFINITE_RECURSION = YES;
				CLANG_WARN_INT_CONVERSION = YES;
				CLANG_WARN_NON_LITERAL_NULL_CONVERSION = YES;
				CLANG_WARN_OBJC_IMPLICIT_RETAIN_SELF = YES;
				CLANG_WARN_OBJC_LITERAL_CONVERSION = YES;
				CLANG_WARN_OBJC_ROOT_CLASS = YES_ERROR;
				CLANG_WARN_RANGE_LOOP_ANALYSIS = YES;
				CLANG_WARN_STRICT_PROTOTYPES = YES;
				CLANG_WARN_SUSPICIOUS_MOVE = YES;
				CLANG_WARN_UNGUARDED_AVAILABILITY = YES_AGGRESSIVE;
				CLANG_WARN_UNREACHABLE_CODE = YES;
				CLANG_WARN__DUPLICATE_METHOD_MATCH = YES;
				CODE_SIGN_IDENTITY = "iPhone Developer";
				COPY_PHASE_STRIP = NO;
				DEBUG_INFORMATION_FORMAT = dwarf;
				ENABLE_STRICT_OBJC_MSGSEND = YES;
				ENABLE_TESTABILITY = YES;
				GCC_C_LANGUAGE_STANDARD = gnu11;
				GCC_DYNAMIC_NO_PIC = NO;
				GCC_NO_COMMON_BLOCKS = YES;
				GCC_OPTIMIZATION_LEVEL = 0;
				GCC_PREPROCESSOR_DEFINITIONS = (
					"DEBUG=1",
					"$(inherited)",
				);
				GCC_WARN_64_TO_32_BIT_CONVERSION = YES;
				GCC_WARN_ABOUT_RETURN_TYPE = YES_ERROR;
				GCC_WARN_UNDECLARED_SELECTOR = YES;
				GCC_WARN_UNINITIALIZED_AUTOS = YES_AGGRESSIVE;
				GCC_WARN_UNUSED_FUNCTION = YES;
				GCC_WARN_UNUSED_VARIABLE = YES;
				IPHONEOS_DEPLOYMENT_TARGET = 12.1;
				MTL_ENABLE_DEBUG_INFO = INCLUDE_SOURCE;
				MTL_FAST_MATH = YES;
				ONLY_ACTIVE_ARCH = YES;
				SDKROOT = iphoneos;
				SWIFT_ACTIVE_COMPILATION_CONDITIONS = DEBUG;
				SWIFT_OPTIMIZATION_LEVEL = "-Onone";
			};
			name = Debug;
		};
		A1807D662234895200B8F4FF /* Release */ = {
			isa = XCBuildConfiguration;
			buildSettings = {
				ALWAYS_SEARCH_USER_PATHS = NO;
				CLANG_ANALYZER_NONNULL = YES;
				CLANG_ANALYZER_NUMBER_OBJECT_CONVERSION = YES_AGGRESSIVE;
				CLANG_CXX_LANGUAGE_STANDARD = "gnu++14";
				CLANG_CXX_LIBRARY = "libc++";
				CLANG_ENABLE_MODULES = YES;
				CLANG_ENABLE_OBJC_ARC = YES;
				CLANG_ENABLE_OBJC_WEAK = YES;
				CLANG_WARN_BLOCK_CAPTURE_AUTORELEASING = YES;
				CLANG_WARN_BOOL_CONVERSION = YES;
				CLANG_WARN_COMMA = YES;
				CLANG_WARN_CONSTANT_CONVERSION = YES;
				CLANG_WARN_DEPRECATED_OBJC_IMPLEMENTATIONS = YES;
				CLANG_WARN_DIRECT_OBJC_ISA_USAGE = YES_ERROR;
				CLANG_WARN_DOCUMENTATION_COMMENTS = YES;
				CLANG_WARN_EMPTY_BODY = YES;
				CLANG_WARN_ENUM_CONVERSION = YES;
				CLANG_WARN_INFINITE_RECURSION = YES;
				CLANG_WARN_INT_CONVERSION = YES;
				CLANG_WARN_NON_LITERAL_NULL_CONVERSION = YES;
				CLANG_WARN_OBJC_IMPLICIT_RETAIN_SELF = YES;
				CLANG_WARN_OBJC_LITERAL_CONVERSION = YES;
				CLANG_WARN_OBJC_ROOT_CLASS = YES_ERROR;
				CLANG_WARN_RANGE_LOOP_ANALYSIS = YES;
				CLANG_WARN_STRICT_PROTOTYPES = YES;
				CLANG_WARN_SUSPICIOUS_MOVE = YES;
				CLANG_WARN_UNGUARDED_AVAILABILITY = YES_AGGRESSIVE;
				CLANG_WARN_UNREACHABLE_CODE = YES;
				CLANG_WARN__DUPLICATE_METHOD_MATCH = YES;
				CODE_SIGN_IDENTITY = "iPhone Developer";
				COPY_PHASE_STRIP = NO;
				DEBUG_INFORMATION_FORMAT = "dwarf-with-dsym";
				ENABLE_NS_ASSERTIONS = NO;
				ENABLE_STRICT_OBJC_MSGSEND = YES;
				GCC_C_LANGUAGE_STANDARD = gnu11;
				GCC_NO_COMMON_BLOCKS = YES;
				GCC_WARN_64_TO_32_BIT_CONVERSION = YES;
				GCC_WARN_ABOUT_RETURN_TYPE = YES_ERROR;
				GCC_WARN_UNDECLARED_SELECTOR = YES;
				GCC_WARN_UNINITIALIZED_AUTOS = YES_AGGRESSIVE;
				GCC_WARN_UNUSED_FUNCTION = YES;
				GCC_WARN_UNUSED_VARIABLE = YES;
				IPHONEOS_DEPLOYMENT_TARGET = 12.1;
				MTL_ENABLE_DEBUG_INFO = NO;
				MTL_FAST_MATH = YES;
				SDKROOT = iphoneos;
				SWIFT_COMPILATION_MODE = wholemodule;
				SWIFT_OPTIMIZATION_LEVEL = "-O";
				VALIDATE_PRODUCT = YES;
			};
			name = Release;
		};
		A1807D682234895200B8F4FF /* Debug */ = {
			isa = XCBuildConfiguration;
			buildSettings = {
				ASSETCATALOG_COMPILER_APPICON_NAME = AppIcon;
				CODE_SIGN_STYLE = Automatic;
				DEVELOPMENT_TEAM = 4EU8LB7WJZ;
				INFOPLIST_FILE = SlidingView/Info.plist;
				LD_RUNPATH_SEARCH_PATHS = (
					"$(inherited)",
					"@executable_path/Frameworks",
				);
				PRODUCT_BUNDLE_IDENTIFIER = ProSoft.SlidingView;
				PRODUCT_NAME = "$(TARGET_NAME)";
				SWIFT_VERSION = 4.2;
				TARGETED_DEVICE_FAMILY = 1;
			};
			name = Debug;
		};
		A1807D692234895200B8F4FF /* Release */ = {
			isa = XCBuildConfiguration;
			buildSettings = {
				ASSETCATALOG_COMPILER_APPICON_NAME = AppIcon;
				CODE_SIGN_STYLE = Automatic;
				DEVELOPMENT_TEAM = 4EU8LB7WJZ;
				INFOPLIST_FILE = SlidingView/Info.plist;
				LD_RUNPATH_SEARCH_PATHS = (
					"$(inherited)",
					"@executable_path/Frameworks",
				);
				PRODUCT_BUNDLE_IDENTIFIER = ProSoft.SlidingView;
				PRODUCT_NAME = "$(TARGET_NAME)";
				SWIFT_VERSION = 4.2;
				TARGETED_DEVICE_FAMILY = 1;
			};
			name = Release;
		};
/* End XCBuildConfiguration section */

/* Begin XCConfigurationList section */
		A1807D502234895100B8F4FF /* Build configuration list for PBXProject "SlidingView" */ = {
			isa = XCConfigurationList;
			buildConfigurations = (
				A1807D652234895200B8F4FF /* Debug */,
				A1807D662234895200B8F4FF /* Release */,
			);
			defaultConfigurationIsVisible = 0;
			defaultConfigurationName = Release;
		};
		A1807D672234895200B8F4FF /* Build configuration list for PBXNativeTarget "SlidingView" */ = {
			isa = XCConfigurationList;
			buildConfigurations = (
				A1807D682234895200B8F4FF /* Debug */,
				A1807D692234895200B8F4FF /* Release */,
			);
			defaultConfigurationIsVisible = 0;
			defaultConfigurationName = Release;
		};
/* End XCConfigurationList section */
	};
	rootObject = A1807D4D2234895100B8F4FF /* Project object */;
}
