// !$*UTF8*$!
{
	archiveVersion = 1;
	classes = {
	};
	objectVersion = 50;
	objects = {

/* Begin PBXBuildFile section */
		A1795A14248669B7006AA133 /* MenuTableViewHeaderViewController.swift in Sources */ = {isa = PBXBuildFile; fileRef = A1795A11248669B7006AA133 /* MenuTableViewHeaderViewController.swift */; };
		A1795A15248669B7006AA133 /* MenuTableViewCell.swift in Sources */ = {isa = PBXBuildFile; fileRef = A1795A12248669B7006AA133 /* MenuTableViewCell.swift */; };
		A199450B23AD33FF00A83395 /* Sliding.swift in Sources */ = {isa = PBXBuildFile; fileRef = A199450A23AD33FF00A83395 /* Sliding.swift */; };
/* End PBXBuildFile section */

/* Begin PBXCopyFilesBuildPhase section */
		A199450523AD33FF00A83395 /* CopyFiles */ = {
			isa = PBXCopyFilesBuildPhase;
			buildActionMask = 2147483647;
			dstPath = "include/$(PRODUCT_NAME)";
			dstSubfolderSpec = 16;
			files = (
			);
			runOnlyForDeploymentPostprocessing = 0;
		};
/* End PBXCopyFilesBuildPhase section */

/* Begin PBXFileReference section */
		A1795A10248669B7006AA133 /* MenuTableViewHeaderViewController.xib */ = {isa = PBXFileReference; fileEncoding = 4; lastKnownFileType = file.xib; name = MenuTableViewHeaderViewController.xib; path = Menu/MenuTableViewHeaderViewController.xib; sourceTree = SOURCE_ROOT; };
		A1795A11248669B7006AA133 /* MenuTableViewHeaderViewController.swift */ = {isa = PBXFileReference; fileEncoding = 4; lastKnownFileType = sourcecode.swift; name = MenuTableViewHeaderViewController.swift; path = Menu/MenuTableViewHeaderViewController.swift; sourceTree = SOURCE_ROOT; };
		A1795A12248669B7006AA133 /* MenuTableViewCell.swift */ = {isa = PBXFileReference; fileEncoding = 4; lastKnownFileType = sourcecode.swift; name = MenuTableViewCell.swift; path = Menu/MenuTableViewCell.swift; sourceTree = SOURCE_ROOT; };
		A1795A13248669B7006AA133 /* MenuTableViewCell.xib */ = {isa = PBXFileReference; fileEncoding = 4; lastKnownFileType = file.xib; name = MenuTableViewCell.xib; path = Menu/MenuTableViewCell.xib; sourceTree = SOURCE_ROOT; };
		A199450723AD33FF00A83395 /* libSliding.a */ = {isa = PBXFileReference; explicitFileType = archive.ar; includeInIndex = 0; path = libSliding.a; sourceTree = BUILT_PRODUCTS_DIR; };
		A199450A23AD33FF00A83395 /* Sliding.swift */ = {isa = PBXFileReference; lastKnownFileType = sourcecode.swift; path = Sliding.swift; sourceTree = "<group>"; };
/* End PBXFileReference section */

/* Begin PBXFrameworksBuildPhase section */
		A199450423AD33FF00A83395 /* Frameworks */ = {
			isa = PBXFrameworksBuildPhase;
			buildActionMask = 2147483647;
			files = (
			);
			runOnlyForDeploymentPostprocessing = 0;
		};
/* End PBXFrameworksBuildPhase section */

/* Begin PBXGroup section */
		A19944FE23AD33FF00A83395 = {
			isa = PBXGroup;
			children = (
				A199450923AD33FF00A83395 /* Sliding */,
				A199450823AD33FF00A83395 /* Products */,
			);
			sourceTree = "<group>";
		};
		A199450823AD33FF00A83395 /* Products */ = {
			isa = PBXGroup;
			children = (
				A199450723AD33FF00A83395 /* libSliding.a */,
			);
			name = Products;
			sourceTree = "<group>";
		};
		A199450923AD33FF00A83395 /* Sliding */ = {
			isa = PBXGroup;
			children = (
				A1795A12248669B7006AA133 /* MenuTableViewCell.swift */,
				A1795A13248669B7006AA133 /* MenuTableViewCell.xib */,
				A1795A11248669B7006AA133 /* MenuTableViewHeaderViewController.swift */,
				A1795A10248669B7006AA133 /* MenuTableViewHeaderViewController.xib */,
				A199450A23AD33FF00A83395 /* Sliding.swift */,
			);
			path = Sliding;
			sourceTree = "<group>";
		};
/* End PBXGroup section */

/* Begin PBXNativeTarget section */
		A199450623AD33FF00A83395 /* Sliding */ = {
			isa = PBXNativeTarget;
			buildConfigurationList = A199450E23AD33FF00A83395 /* Build configuration list for PBXNativeTarget "Sliding" */;
			buildPhases = (
				A199450323AD33FF00A83395 /* Sources */,
				A199450423AD33FF00A83395 /* Frameworks */,
				A199450523AD33FF00A83395 /* CopyFiles */,
			);
			buildRules = (
			);
			dependencies = (
			);
			name = Sliding;
			productName = Sliding;
			productReference = A199450723AD33FF00A83395 /* libSliding.a */;
			productType = "com.apple.product-type.library.static";
		};
/* End PBXNativeTarget section */

/* Begin PBXProject section */
		A19944FF23AD33FF00A83395 /* Project object */ = {
			isa = PBXProject;
			attributes = {
				LastSwiftUpdateCheck = 1130;
				LastUpgradeCheck = 1130;
				ORGANIZATIONNAME = prosoft;
				TargetAttributes = {
					A199450623AD33FF00A83395 = {
						CreatedOnToolsVersion = 11.3;
					};
				};
			};
			buildConfigurationList = A199450223AD33FF00A83395 /* Build configuration list for PBXProject "Sliding" */;
			compatibilityVersion = "Xcode 9.3";
			developmentRegion = en;
			hasScannedForEncodings = 0;
			knownRegions = (
				en,
				Base,
			);
			mainGroup = A19944FE23AD33FF00A83395;
			productRefGroup = A199450823AD33FF00A83395 /* Products */;
			projectDirPath = "";
			projectRoot = "";
			targets = (
				A199450623AD33FF00A83395 /* Sliding */,
			);
		};
/* End PBXProject section */

/* Begin PBXSourcesBuildPhase section */
		A199450323AD33FF00A83395 /* Sources */ = {
			isa = PBXSourcesBuildPhase;
			buildActionMask = 2147483647;
			files = (
				A1795A14248669B7006AA133 /* MenuTableViewHeaderViewController.swift in Sources */,
				A199450B23AD33FF00A83395 /* Sliding.swift in Sources */,
				A1795A15248669B7006AA133 /* MenuTableViewCell.swift in Sources */,
			);
			runOnlyForDeploymentPostprocessing = 0;
		};
/* End PBXSourcesBuildPhase section */

/* Begin XCBuildConfiguration section */
		A199450C23AD33FF00A83395 /* Debug */ = {
			isa = XCBuildConfiguration;
			buildSettings = {
				ALWAYS_SEARCH_USER_PATHS = NO;
				CLANG_ANALYZER_NONNULL = YES;
				CLANG_ANALYZER_NUMBER_OBJECT_CONVERSION = YES_AGGRESSIVE;
				CLANG_CXX_LANGUAGE_STANDARD = "gnu++14";
				CLANG_CXX_LIBRARY = "libc++";
				CLANG_ENABLE_MODULES = YES;
				CLANG_ENABLE_OBJC_ARC = YES;
				CLANG_ENABLE_OBJC_WEAK = YES;
				CLANG_WARN_BLOCK_CAPTURE_AUTORELEASING = YES;
				CLANG_WARN_BOOL_CONVERSION = YES;
				CLANG_WARN_COMMA = YES;
				CLANG_WARN_CONSTANT_CONVERSION = YES;
				CLANG_WARN_DEPRECATED_OBJC_IMPLEMENTATIONS = YES;
				CLANG_WARN_DIRECT_OBJC_ISA_USAGE = YES_ERROR;
				CLANG_WARN_DOCUMENTATION_COMMENTS = YES;
				CLANG_WARN_EMPTY_BODY = YES;
				CLANG_WARN_ENUM_CONVERSION = YES;
				CLANG_WARN_INFINITE_RECURSION = YES;
				CLANG_WARN_INT_CONVERSION = YES;
				CLANG_WARN_NON_LITERAL_NULL_CONVERSION = YES;
				CLANG_WARN_OBJC_IMPLICIT_RETAIN_SELF = YES;
				CLANG_WARN_OBJC_LITERAL_CONVERSION = YES;
				CLANG_WARN_OBJC_ROOT_CLASS = YES_ERROR;
				CLANG_WARN_RANGE_LOOP_ANALYSIS = YES;
				CLANG_WARN_STRICT_PROTOTYPES = YES;
				CLANG_WARN_SUSPICIOUS_MOVE = YES;
				CLANG_WARN_UNGUARDED_AVAILABILITY = YES_AGGRESSIVE;
				CLANG_WARN_UNREACHABLE_CODE = YES;
				CLANG_WARN__DUPLICATE_METHOD_MATCH = YES;
				COPY_PHASE_STRIP = NO;
				DEBUG_INFORMATION_FORMAT = dwarf;
				ENABLE_STRICT_OBJC_MSGSEND = YES;
				ENABLE_TESTABILITY = YES;
				GCC_C_LANGUAGE_STANDARD = gnu11;
				GCC_DYNAMIC_NO_PIC = NO;
				GCC_NO_COMMON_BLOCKS = YES;
				GCC_OPTIMIZATION_LEVEL = 0;
				GCC_PREPROCESSOR_DEFINITIONS = (
					"DEBUG=1",
					"$(inherited)",
				);
				GCC_WARN_64_TO_32_BIT_CONVERSION = YES;
				GCC_WARN_ABOUT_RETURN_TYPE = YES_ERROR;
				GCC_WARN_UNDECLARED_SELECTOR = YES;
				GCC_WARN_UNINITIALIZED_AUTOS = YES_AGGRESSIVE;
				GCC_WARN_UNUSED_FUNCTION = YES;
				GCC_WARN_UNUSED_VARIABLE = YES;
				IPHONEOS_DEPLOYMENT_TARGET = 13.2;
				MTL_ENABLE_DEBUG_INFO = INCLUDE_SOURCE;
				MTL_FAST_MATH = YES;
				ONLY_ACTIVE_ARCH = YES;
				SDKROOT = iphoneos;
				SWIFT_ACTIVE_COMPILATION_CONDITIONS = DEBUG;
				SWIFT_OPTIMIZATION_LEVEL = "-Onone";
			};
			name = Debug;
		};
		A199450D23AD33FF00A83395 /* Release */ = {
			isa = XCBuildConfiguration;
			buildSettings = {
				ALWAYS_SEARCH_USER_PATHS = NO;
				CLANG_ANALYZER_NONNULL = YES;
				CLANG_ANALYZER_NUMBER_OBJECT_CONVERSION = YES_AGGRESSIVE;
				CLANG_CXX_LANGUAGE_STANDARD = "gnu++14";
				CLANG_CXX_LIBRARY = "libc++";
				CLANG_ENABLE_MODULES = YES;
				CLANG_ENABLE_OBJC_ARC = YES;
				CLANG_ENABLE_OBJC_WEAK = YES;
				CLANG_WARN_BLOCK_CAPTURE_AUTORELEASING = YES;
				CLANG_WARN_BOOL_CONVERSION = YES;
				CLANG_WARN_COMMA = YES;
				CLANG_WARN_CONSTANT_CONVERSION = YES;
				CLANG_WARN_DEPRECATED_OBJC_IMPLEMENTATIONS = YES;
				CLANG_WARN_DIRECT_OBJC_ISA_USAGE = YES_ERROR;
				CLANG_WARN_DOCUMENTATION_COMMENTS = YES;
				CLANG_WARN_EMPTY_BODY = YES;
				CLANG_WARN_ENUM_CONVERSION = YES;
				CLANG_WARN_INFINITE_RECURSION = YES;
				CLANG_WARN_INT_CONVERSION = YES;
				CLANG_WARN_NON_LITERAL_NULL_CONVERSION = YES;
				CLANG_WARN_OBJC_IMPLICIT_RETAIN_SELF = YES;
				CLANG_WARN_OBJC_LITERAL_CONVERSION = YES;
				CLANG_WARN_OBJC_ROOT_CLASS = YES_ERROR;
				CLANG_WARN_RANGE_LOOP_ANALYSIS = YES;
				CLANG_WARN_STRICT_PROTOTYPES = YES;
				CLANG_WARN_SUSPICIOUS_MOVE = YES;
				CLANG_WARN_UNGUARDED_AVAILABILITY = YES_AGGRESSIVE;
				CLANG_WARN_UNREACHABLE_CODE = YES;
				CLANG_WARN__DUPLICATE_METHOD_MATCH = YES;
				COPY_PHASE_STRIP = NO;
				DEBUG_INFORMATION_FORMAT = "dwarf-with-dsym";
				ENABLE_NS_ASSERTIONS = NO;
				ENABLE_STRICT_OBJC_MSGSEND = YES;
				GCC_C_LANGUAGE_STANDARD = gnu11;
				GCC_NO_COMMON_BLOCKS = YES;
				GCC_WARN_64_TO_32_BIT_CONVERSION = YES;
				GCC_WARN_ABOUT_RETURN_TYPE = YES_ERROR;
				GCC_WARN_UNDECLARED_SELECTOR = YES;
				GCC_WARN_UNINITIALIZED_AUTOS = YES_AGGRESSIVE;
				GCC_WARN_UNUSED_FUNCTION = YES;
				GCC_WARN_UNUSED_VARIABLE = YES;
				IPHONEOS_DEPLOYMENT_TARGET = 13.2;
				MTL_ENABLE_DEBUG_INFO = NO;
				MTL_FAST_MATH = YES;
				SDKROOT = iphoneos;
				SWIFT_COMPILATION_MODE = wholemodule;
				SWIFT_OPTIMIZATION_LEVEL = "-O";
				VALIDATE_PRODUCT = YES;
			};
			name = Release;
		};
		A199450F23AD33FF00A83395 /* Debug */ = {
			isa = XCBuildConfiguration;
			buildSettings = {
				CODE_SIGN_STYLE = Automatic;
				DEVELOPMENT_TEAM = 4EU8LB7WJZ;
				OTHER_LDFLAGS = "-ObjC";
				PRODUCT_NAME = "$(TARGET_NAME)";
				SKIP_INSTALL = YES;
				SWIFT_VERSION = 5.0;
				TARGETED_DEVICE_FAMILY = "1,2";
			};
			name = Debug;
		};
		A199451023AD33FF00A83395 /* Release */ = {
			isa = XCBuildConfiguration;
			buildSettings = {
				CODE_SIGN_STYLE = Automatic;
				DEVELOPMENT_TEAM = 4EU8LB7WJZ;
				OTHER_LDFLAGS = "-ObjC";
				PRODUCT_NAME = "$(TARGET_NAME)";
				SKIP_INSTALL = YES;
				SWIFT_VERSION = 5.0;
				TARGETED_DEVICE_FAMILY = "1,2";
			};
			name = Release;
		};
/* End XCBuildConfiguration section */

/* Begin XCConfigurationList section */
		A199450223AD33FF00A83395 /* Build configuration list for PBXProject "Sliding" */ = {
			isa = XCConfigurationList;
			buildConfigurations = (
				A199450C23AD33FF00A83395 /* Debug */,
				A199450D23AD33FF00A83395 /* Release */,
			);
			defaultConfigurationIsVisible = 0;
			defaultConfigurationName = Release;
		};
		A199450E23AD33FF00A83395 /* Build configuration list for PBXNativeTarget "Sliding" */ = {
			isa = XCConfigurationList;
			buildConfigurations = (
				A199450F23AD33FF00A83395 /* Debug */,
				A199451023AD33FF00A83395 /* Release */,
			);
			defaultConfigurationIsVisible = 0;
			defaultConfigurationName = Release;
		};
/* End XCConfigurationList section */
	};
	rootObject = A19944FF23AD33FF00A83395 /* Project object */;
}
